
Microsoft Visual Studio Solution File, Format Version 12.00
# Visual Studio Version 17
VisualStudioVersion = 17.4.33213.308
MinimumVisualStudioVersion = 10.0.40219.1
Project("{FAE04EC0-301F-11D3-BF4B-00C04F79EFBC}") = "Accounting.Domain", "Accounting.Domain\Accounting.Domain.csproj", "{A5E137D4-F39F-4C7B-AD33-F587660A2A75}"
EndProject
Project("{FAE04EC0-301F-11D3-BF4B-00C04F79EFBC}") = "Accounting.Console", "Accounting.Console\Accounting.Console.csproj", "{3ECFAF0E-8915-4583-ABA0-27B6A4C4782F}"
EndProject
Global
	GlobalSection(SolutionConfigurationPlatforms) = preSolution
		Debug|Any CPU = Debug|Any CPU
		Release|Any CPU = Release|Any CPU
	EndGlobalSection
	GlobalSection(ProjectConfigurationPlatforms) = postSolution
		{A5E137D4-F39F-4C7B-AD33-F587660A2A75}.Debug|Any CPU.ActiveCfg = Debug|Any CPU
		{A5E137D4-F39F-4C7B-AD33-F587660A2A75}.Debug|Any CPU.Build.0 = Debug|Any CPU
		{A5E137D4-F39F-4C7B-AD33-F587660A2A75}.Release|Any CPU.ActiveCfg = Release|Any CPU
		{A5E137D4-F39F-4C7B-AD33-F587660A2A75}.Release|Any CPU.Build.0 = Release|Any CPU
		{3ECFAF0E-8915-4583-ABA0-27B6A4C4782F}.Debug|Any CPU.ActiveCfg = Debug|Any CPU
		{3ECFAF0E-8915-4583-ABA0-27B6A4C4782F}.Debug|Any CPU.Build.0 = Debug|Any CPU
		{3ECFAF0E-8915-4583-ABA0-27B6A4C4782F}.Release|Any CPU.ActiveCfg = Release|Any CPU
		{3ECFAF0E-8915-4583-ABA0-27B6A4C4782F}.Release|Any CPU.Build.0 = Release|Any CPU
	EndGlobalSection
	GlobalSection(SolutionProperties) = preSolution
		HideSolutionNode = FALSE
	EndGlobalSection
	GlobalSection(ExtensibilityGlobals) = postSolution
		SolutionGuid = {E9F0E9A0-79E2-4063-99C2-06068B0DEE96}
	EndGlobalSection
EndGlobal
